<?xml version="1.0" encoding="utf-8"?>
<Project ToolsVersion="4.0" xmlns="http://schemas.microsoft.com/developer/msbuild/2003">
  <ItemGroup>
    <Filter Include="Source Files">
      <UniqueIdentifier>{4FC737F1-C7A5-4376-A066-2A32D752A2FF}</UniqueIdentifier>
      <Extensions>cpp;c;cc;cxx;def;odl;idl;hpj;bat;asm;asmx</Extensions>
    </Filter>
    <Filter Include="Utilities">
      <UniqueIdentifier>{98215364-ad89-4ae2-8efa-748f6390a2e8}</UniqueIdentifier>
    </Filter>
    <Filter Include="Shaders">
      <UniqueIdentifier>{01bc2f93-9061-40f8-a118-1a1a1296c483}</UniqueIdentifier>
    </Filter>
    <Filter Include="Imgui">
      <UniqueIdentifier>{7f927b79-9001-4a4e-a946-477c3bb2adac}</UniqueIdentifier>
    </Filter>
    <Filter Include="Kernel">
      <UniqueIdentifier>{f897a8e5-9623-4010-ba20-1e4866d17412}</UniqueIdentifier>
    </Filter>
    <Filter Include="DoxyGen">
      <UniqueIdentifier>{d94cc82c-6be7-449c-aafd-d395b3258373}</UniqueIdentifier>
    </Filter>
  </ItemGroup>
  <ItemGroup>
    <ClCompile Include="RigidBodySimulation.cpp">
      <Filter>Source Files</Filter>
    </ClCompile>
    <ClCompile Include="VertexArrayObject.cpp">
      <Filter>Utilities</Filter>
    </ClCompile>
    <ClCompile Include="Mesh_OGL3.cpp">
      <Filter>Utilities</Filter>
    </ClCompile>
    <ClCompile Include="ObjParser_OGL3.cpp">
      <Filter>Utilities</Filter>
    </ClCompile>
    <ClCompile Include="ProgramObject.cpp">
      <Filter>Utilities</Filter>
    </ClCompile>
    <ClCompile Include="Simulation.cpp">
      <Filter>Source Files</Filter>
    </ClCompile>
    <ClCompile Include="Camera.cpp">
      <Filter>Source Files</Filter>
    </ClCompile>
    <ClCompile Include="Wall.cpp">
      <Filter>Source Files</Filter>
    </ClCompile>
    <ClCompile Include="Collision.cpp">
      <Filter>Source Files</Filter>
    </ClCompile>
    <ClCompile Include="SimulationRender.cpp">
      <Filter>Source Files</Filter>
    </ClCompile>
    <ClCompile Include="T:\OGLPack\include\imgui\imgui_draw.cpp">
      <Filter>Imgui</Filter>
    </ClCompile>
    <ClCompile Include="T:\OGLPack\include\imgui\imgui_impl_sdl_gl3.cpp">
      <Filter>Imgui</Filter>
    </ClCompile>
    <ClCompile Include="T:\OGLPack\include\imgui\imgui.cpp">
      <Filter>Imgui</Filter>
    </ClCompile>
    <ClCompile Include="T:\OGLPack\include\imgui\imgui_demo.cpp">
      <Filter>Imgui</Filter>
    </ClCompile>
    <ClCompile Include="GPU.cpp">
      <Filter>Source Files</Filter>
    </ClCompile>
    <ClCompile Include="Barrier.cpp">
      <Filter>Source Files</Filter>
    </ClCompile>
    <ClCompile Include="GLconversions.cpp">
      <Filter>Utilities</Filter>
    </ClCompile>
    <ClCompile Include="ShaderObject.cpp">
      <Filter>Utilities</Filter>
    </ClCompile>
  </ItemGroup>
  <ItemGroup>
    <ClInclude Include="ProgramObject.h">
      <Filter>Utilities</Filter>
    </ClInclude>
    <ClInclude Include="VertexArrayObject.h">
      <Filter>Utilities</Filter>
    </ClInclude>
    <ClInclude Include="BufferObject.h">
      <Filter>Utilities</Filter>
    </ClInclude>
    <ClInclude Include="Mesh_OGL3.h">
      <Filter>Utilities</Filter>
    </ClInclude>
    <ClInclude Include="ObjParser_OGL3.h">
      <Filter>Utilities</Filter>
    </ClInclude>
    <ClInclude Include="TextureObject.h">
      <Filter>Utilities</Filter>
    </ClInclude>
    <ClInclude Include="Simulation.h">
      <Filter>Source Files</Filter>
    </ClInclude>
    <ClInclude Include="Camera.h">
      <Filter>Source Files</Filter>
    </ClInclude>
    <ClInclude Include="T:\OGLPack\include\imgui\stb_rect_pack.h">
      <Filter>Imgui</Filter>
    </ClInclude>
    <ClInclude Include="T:\OGLPack\include\imgui\stb_textedit.h">
      <Filter>Imgui</Filter>
    </ClInclude>
    <ClInclude Include="T:\OGLPack\include\imgui\stb_truetype.h">
      <Filter>Imgui</Filter>
    </ClInclude>
    <ClInclude Include="T:\OGLPack\include\imgui\imconfig.h">
      <Filter>Imgui</Filter>
    </ClInclude>
    <ClInclude Include="T:\OGLPack\include\imgui\imgui.h">
      <Filter>Imgui</Filter>
    </ClInclude>
    <ClInclude Include="T:\OGLPack\include\imgui\imgui_impl_sdl_gl3.h">
      <Filter>Imgui</Filter>
    </ClInclude>
    <ClInclude Include="T:\OGLPack\include\imgui\imgui_internal.h">
      <Filter>Imgui</Filter>
    </ClInclude>
    <ClInclude Include="ShaderObject.h">
      <Filter>Utilities</Filter>
    </ClInclude>
    <ClInclude Include="GLconversions.hpp">
      <Filter>Utilities</Filter>
    </ClInclude>
  </ItemGroup>
  <ItemGroup>
    <None Include="TextureObject.inl">
      <Filter>Utilities</Filter>
    </None>
    <None Include="VertexArrayObject.inl">
      <Filter>Utilities</Filter>
    </None>
    <None Include="BufferObject.inl">
      <Filter>Utilities</Filter>
    </None>
    <None Include="ProgramObject.inl">
      <Filter>Utilities</Filter>
    </None>
    <None Include="vertexShader.vert">
      <Filter>Shaders</Filter>
    </None>
    <None Include="fragmentShader.frag">
      <Filter>Shaders</Filter>
    </None>
    <None Include="Simulation.cl">
      <Filter>Kernel</Filter>
    </None>
    <None Include="..\DoxyGen\DoxyFile">
      <Filter>DoxyGen</Filter>
    </None>
  </ItemGroup>
</Project>